// !$*UTF8*$!
{
	archiveVersion = 1;
	classes = {
	};
	objectVersion = 50;
	objects = {

/* Begin PBXBuildFile section */
		F3053C56242CC22100CBB27A /* AppDelegate.swift in Sources */ = {isa = PBXBuildFile; fileRef = F3053C55242CC22100CBB27A /* AppDelegate.swift */; };
		F3053C5A242CC22100CBB27A /* TableViewController.swift in Sources */ = {isa = PBXBuildFile; fileRef = F3053C59242CC22100CBB27A /* TableViewController.swift */; };
		F3053C5D242CC22100CBB27A /* Main.storyboard in Resources */ = {isa = PBXBuildFile; fileRef = F3053C5B242CC22100CBB27A /* Main.storyboard */; };
		F3053C5F242CC22600CBB27A /* Assets.xcassets in Resources */ = {isa = PBXBuildFile; fileRef = F3053C5E242CC22600CBB27A /* Assets.xcassets */; };
		F3053C62242CC22600CBB27A /* LaunchScreen.storyboard in Resources */ = {isa = PBXBuildFile; fileRef = F3053C60242CC22600CBB27A /* LaunchScreen.storyboard */; };
		F3053C6D242CC22600CBB27A /* CheckOutTests.swift in Sources */ = {isa = PBXBuildFile; fileRef = F3053C6C242CC22600CBB27A /* CheckOutTests.swift */; };
		F3053C79242CC35A00CBB27A /* example.json in Resources */ = {isa = PBXBuildFile; fileRef = F3053C78242CC35A00CBB27A /* example.json */; };
		F3053C81242CC9F500CBB27A /* InputCell.swift in Sources */ = {isa = PBXBuildFile; fileRef = F3053C7F242CC9F500CBB27A /* InputCell.swift */; };
		F3053C82242CC9F500CBB27A /* InputCell.xib in Resources */ = {isa = PBXBuildFile; fileRef = F3053C80242CC9F500CBB27A /* InputCell.xib */; };
		F3053C85242CCA1100CBB27A /* SingleActionButtonCell.swift in Sources */ = {isa = PBXBuildFile; fileRef = F3053C83242CCA1100CBB27A /* SingleActionButtonCell.swift */; };
		F3053C86242CCA1100CBB27A /* SingleActionButtonCell.xib in Resources */ = {isa = PBXBuildFile; fileRef = F3053C84242CCA1100CBB27A /* SingleActionButtonCell.xib */; };
		F3053C88242CCABB00CBB27A /* Application.swift in Sources */ = {isa = PBXBuildFile; fileRef = F3053C87242CCABB00CBB27A /* Application.swift */; };
		F3053C8A242CCAFF00CBB27A /* CellPresentable.swift in Sources */ = {isa = PBXBuildFile; fileRef = F3053C89242CCAFF00CBB27A /* CellPresentable.swift */; };
		F3053C8C242CCEC500CBB27A /* UIView+Extensions.swift in Sources */ = {isa = PBXBuildFile; fileRef = F3053C8B242CCEC500CBB27A /* UIView+Extensions.swift */; };
		F3053C94242CE91E00CBB27A /* Row.swift in Sources */ = {isa = PBXBuildFile; fileRef = F3053C93242CE91E00CBB27A /* Row.swift */; };
		F328DBC6245C8AF40073ACCE /* JSONUtilities.swift in Sources */ = {isa = PBXBuildFile; fileRef = F328DBC5245C8AF40073ACCE /* JSONUtilities.swift */; };
		F328DBC8245C8DCE0073ACCE /* Coordinator.swift in Sources */ = {isa = PBXBuildFile; fileRef = F328DBC7245C8DCE0073ACCE /* Coordinator.swift */; };
		F328DBCA245C95DF0073ACCE /* Protocols.swift in Sources */ = {isa = PBXBuildFile; fileRef = F328DBC9245C95DF0073ACCE /* Protocols.swift */; };
		F337AC5B245386000074B3E1 /* chip_checkout.json in Resources */ = {isa = PBXBuildFile; fileRef = F337AC59245386000074B3E1 /* chip_checkout.json */; };
		F337AC5C245386000074B3E1 /* example_injected_configuration.json in Resources */ = {isa = PBXBuildFile; fileRef = F337AC5A245386000074B3E1 /* example_injected_configuration.json */; };
		F337AC5E245386B80074B3E1 /* Content.swift in Sources */ = {isa = PBXBuildFile; fileRef = F337AC5D245386B80074B3E1 /* Content.swift */; };
		F3431D0124508BB800597691 /* Screen.swift in Sources */ = {isa = PBXBuildFile; fileRef = F3431D0024508BB800597691 /* Screen.swift */; };
		F3431D032450904B00597691 /* Action.swift in Sources */ = {isa = PBXBuildFile; fileRef = F3431D022450904B00597691 /* Action.swift */; };
		F36C70A124520941006FA29A /* TableViewDelegate.swift in Sources */ = {isa = PBXBuildFile; fileRef = F36C70A024520941006FA29A /* TableViewDelegate.swift */; };
		F36C70A32452094A006FA29A /* TableViewDataSource.swift in Sources */ = {isa = PBXBuildFile; fileRef = F36C70A22452094A006FA29A /* TableViewDataSource.swift */; };
		F36C70A92452304B006FA29A /* ProximaNova-Semibold.otf in Resources */ = {isa = PBXBuildFile; fileRef = F36C70A62452304B006FA29A /* ProximaNova-Semibold.otf */; };
		F36C70AA2452304B006FA29A /* ProximaNova-Bold.otf in Resources */ = {isa = PBXBuildFile; fileRef = F36C70A72452304B006FA29A /* ProximaNova-Bold.otf */; };
		F36C70AB2452304B006FA29A /* ProximaNova-Regular.otf in Resources */ = {isa = PBXBuildFile; fileRef = F36C70A82452304B006FA29A /* ProximaNova-Regular.otf */; };
		F37FF87C2451BC0800EB3ABA /* Payload.swift in Sources */ = {isa = PBXBuildFile; fileRef = F37FF87B2451BC0800EB3ABA /* Payload.swift */; };
		F37FF87E2451BEB400EB3ABA /* Rows.swift in Sources */ = {isa = PBXBuildFile; fileRef = F37FF87D2451BEB400EB3ABA /* Rows.swift */; };
		F37FF8A12451D22B00EB3ABA /* CheckoutCoordinator.swift in Sources */ = {isa = PBXBuildFile; fileRef = F37FF8A02451D22B00EB3ABA /* CheckoutCoordinator.swift */; };
		F37FF8A42451D2E600EB3ABA /* TableViewProtocols.swift in Sources */ = {isa = PBXBuildFile; fileRef = F37FF8A32451D2E600EB3ABA /* TableViewProtocols.swift */; };
		F380E8F5242CEA6600874DE6 /* ApplicationLoader.swift in Sources */ = {isa = PBXBuildFile; fileRef = F380E8F4242CEA6600874DE6 /* ApplicationLoader.swift */; };
		F38CFC542443628800D8EFEA /* TableViewPresenter.swift in Sources */ = {isa = PBXBuildFile; fileRef = F38CFC532443628800D8EFEA /* TableViewPresenter.swift */; };
		F38CFC5A24436A1C00D8EFEA /* HeaderTextCellHeaderTextCellViewModel.swift in Sources */ = {isa = PBXBuildFile; fileRef = F38CFC5924436A1C00D8EFEA /* HeaderTextCellHeaderTextCellViewModel.swift */; };
		F38CFC5D24436A4B00D8EFEA /* InputCellViewModel.swift in Sources */ = {isa = PBXBuildFile; fileRef = F38CFC5C24436A4B00D8EFEA /* InputCellViewModel.swift */; };
		F38CFC6024436AAD00D8EFEA /* SingleActionButtonCellViewModel.swift in Sources */ = {isa = PBXBuildFile; fileRef = F38CFC5F24436AAD00D8EFEA /* SingleActionButtonCellViewModel.swift */; };
		F38CFC6324436B0500D8EFEA /* BodyTextCellViewModel.swift in Sources */ = {isa = PBXBuildFile; fileRef = F38CFC6224436B0500D8EFEA /* BodyTextCellViewModel.swift */; };
		F38CFC6624436B7E00D8EFEA /* PaddingCellViewModel.swift in Sources */ = {isa = PBXBuildFile; fileRef = F38CFC6524436B7E00D8EFEA /* PaddingCellViewModel.swift */; };
		F38F8B8C24532E860096D7C1 /* SeparatorCell.swift in Sources */ = {isa = PBXBuildFile; fileRef = F38F8B8A24532E860096D7C1 /* SeparatorCell.swift */; };
		F38F8B8D24532E860096D7C1 /* SeparatorCell.xib in Resources */ = {isa = PBXBuildFile; fileRef = F38F8B8B24532E860096D7C1 /* SeparatorCell.xib */; };
		F38F8B8F24533E4E0096D7C1 /* JSONUIParser.swift in Sources */ = {isa = PBXBuildFile; fileRef = F38F8B8E24533E4E0096D7C1 /* JSONUIParser.swift */; };
		F3B89D98242E0F61006049B7 /* BodyTextCell.swift in Sources */ = {isa = PBXBuildFile; fileRef = F3B89D96242E0F61006049B7 /* BodyTextCell.swift */; };
		F3B89D99242E0F61006049B7 /* BodyTextCell.xib in Resources */ = {isa = PBXBuildFile; fileRef = F3B89D97242E0F61006049B7 /* BodyTextCell.xib */; };
		F3B89D9C242E1955006049B7 /* PaddingCell.swift in Sources */ = {isa = PBXBuildFile; fileRef = F3B89D9A242E1955006049B7 /* PaddingCell.swift */; };
		F3B89D9D242E1955006049B7 /* PaddingCell.xib in Resources */ = {isa = PBXBuildFile; fileRef = F3B89D9B242E1955006049B7 /* PaddingCell.xib */; };
		F3B89DA0242E1E57006049B7 /* HeaderTextCell.swift in Sources */ = {isa = PBXBuildFile; fileRef = F3B89D9E242E1E57006049B7 /* HeaderTextCell.swift */; };
		F3B89DA1242E1E57006049B7 /* HeaderTextCell.xib in Resources */ = {isa = PBXBuildFile; fileRef = F3B89D9F242E1E57006049B7 /* HeaderTextCell.xib */; };
		F3BEEEFD24435DAA00F65226 /* PaddingSize.swift in Sources */ = {isa = PBXBuildFile; fileRef = F3BEEEFC24435DAA00F65226 /* PaddingSize.swift */; };
		F3D61B16246055F1004593CF /* Shared.swift in Sources */ = {isa = PBXBuildFile; fileRef = F3D61B15246055F1004593CF /* Shared.swift */; };
/* End PBXBuildFile section */

/* Begin PBXContainerItemProxy section */
		F3053C69242CC22600CBB27A /* PBXContainerItemProxy */ = {
			isa = PBXContainerItemProxy;
			containerPortal = F3053C4A242CC22100CBB27A /* Project object */;
			proxyType = 1;
			remoteGlobalIDString = F3053C51242CC22100CBB27A;
			remoteInfo = CheckOut;
		};
/* End PBXContainerItemProxy section */

/* Begin PBXFileReference section */
		F3053C52242CC22100CBB27A /* CheckOut.app */ = {isa = PBXFileReference; explicitFileType = wrapper.application; includeInIndex = 0; path = CheckOut.app; sourceTree = BUILT_PRODUCTS_DIR; };
		F3053C55242CC22100CBB27A /* AppDelegate.swift */ = {isa = PBXFileReference; lastKnownFileType = sourcecode.swift; path = AppDelegate.swift; sourceTree = "<group>"; };
		F3053C59242CC22100CBB27A /* TableViewController.swift */ = {isa = PBXFileReference; lastKnownFileType = sourcecode.swift; path = TableViewController.swift; sourceTree = "<group>"; };
		F3053C5C242CC22100CBB27A /* Base */ = {isa = PBXFileReference; lastKnownFileType = file.storyboard; name = Base; path = Base.lproj/Main.storyboard; sourceTree = "<group>"; };
		F3053C5E242CC22600CBB27A /* Assets.xcassets */ = {isa = PBXFileReference; lastKnownFileType = folder.assetcatalog; path = Assets.xcassets; sourceTree = "<group>"; };
		F3053C61242CC22600CBB27A /* Base */ = {isa = PBXFileReference; lastKnownFileType = file.storyboard; name = Base; path = Base.lproj/LaunchScreen.storyboard; sourceTree = "<group>"; };
		F3053C63242CC22600CBB27A /* Info.plist */ = {isa = PBXFileReference; lastKnownFileType = text.plist.xml; path = Info.plist; sourceTree = "<group>"; };
		F3053C68242CC22600CBB27A /* CheckOutTests.xctest */ = {isa = PBXFileReference; explicitFileType = wrapper.cfbundle; includeInIndex = 0; path = CheckOutTests.xctest; sourceTree = BUILT_PRODUCTS_DIR; };
		F3053C6C242CC22600CBB27A /* CheckOutTests.swift */ = {isa = PBXFileReference; lastKnownFileType = sourcecode.swift; path = CheckOutTests.swift; sourceTree = "<group>"; };
		F3053C6E242CC22600CBB27A /* Info.plist */ = {isa = PBXFileReference; lastKnownFileType = text.plist.xml; path = Info.plist; sourceTree = "<group>"; };
		F3053C78242CC35A00CBB27A /* example.json */ = {isa = PBXFileReference; fileEncoding = 4; lastKnownFileType = text.json; path = example.json; sourceTree = "<group>"; };
		F3053C7F242CC9F500CBB27A /* InputCell.swift */ = {isa = PBXFileReference; lastKnownFileType = sourcecode.swift; path = InputCell.swift; sourceTree = "<group>"; };
		F3053C80242CC9F500CBB27A /* InputCell.xib */ = {isa = PBXFileReference; lastKnownFileType = file.xib; path = InputCell.xib; sourceTree = "<group>"; };
		F3053C83242CCA1100CBB27A /* SingleActionButtonCell.swift */ = {isa = PBXFileReference; lastKnownFileType = sourcecode.swift; path = SingleActionButtonCell.swift; sourceTree = "<group>"; };
		F3053C84242CCA1100CBB27A /* SingleActionButtonCell.xib */ = {isa = PBXFileReference; lastKnownFileType = file.xib; path = SingleActionButtonCell.xib; sourceTree = "<group>"; };
		F3053C87242CCABB00CBB27A /* Application.swift */ = {isa = PBXFileReference; lastKnownFileType = sourcecode.swift; path = Application.swift; sourceTree = "<group>"; };
		F3053C89242CCAFF00CBB27A /* CellPresentable.swift */ = {isa = PBXFileReference; lastKnownFileType = sourcecode.swift; path = CellPresentable.swift; sourceTree = "<group>"; };
		F3053C8B242CCEC500CBB27A /* UIView+Extensions.swift */ = {isa = PBXFileReference; lastKnownFileType = sourcecode.swift; name = "UIView+Extensions.swift"; path = "../UIView+Extensions.swift"; sourceTree = "<group>"; };
		F3053C93242CE91E00CBB27A /* Row.swift */ = {isa = PBXFileReference; lastKnownFileType = sourcecode.swift; path = Row.swift; sourceTree = "<group>"; };
		F328DBC5245C8AF40073ACCE /* JSONUtilities.swift */ = {isa = PBXFileReference; lastKnownFileType = sourcecode.swift; path = JSONUtilities.swift; sourceTree = "<group>"; };
		F328DBC7245C8DCE0073ACCE /* Coordinator.swift */ = {isa = PBXFileReference; lastKnownFileType = sourcecode.swift; path = Coordinator.swift; sourceTree = "<group>"; };
		F328DBC9245C95DF0073ACCE /* Protocols.swift */ = {isa = PBXFileReference; lastKnownFileType = sourcecode.swift; path = Protocols.swift; sourceTree = "<group>"; };
		F337AC59245386000074B3E1 /* chip_checkout.json */ = {isa = PBXFileReference; fileEncoding = 4; lastKnownFileType = text.json; path = chip_checkout.json; sourceTree = "<group>"; };
		F337AC5A245386000074B3E1 /* example_injected_configuration.json */ = {isa = PBXFileReference; fileEncoding = 4; lastKnownFileType = text.json; path = example_injected_configuration.json; sourceTree = "<group>"; };
		F337AC5D245386B80074B3E1 /* Content.swift */ = {isa = PBXFileReference; lastKnownFileType = sourcecode.swift; path = Content.swift; sourceTree = "<group>"; };
		F3431D0024508BB800597691 /* Screen.swift */ = {isa = PBXFileReference; lastKnownFileType = sourcecode.swift; path = Screen.swift; sourceTree = "<group>"; };
		F3431D022450904B00597691 /* Action.swift */ = {isa = PBXFileReference; lastKnownFileType = sourcecode.swift; path = Action.swift; sourceTree = "<group>"; };
		F36C70A024520941006FA29A /* TableViewDelegate.swift */ = {isa = PBXFileReference; lastKnownFileType = sourcecode.swift; path = TableViewDelegate.swift; sourceTree = "<group>"; };
		F36C70A22452094A006FA29A /* TableViewDataSource.swift */ = {isa = PBXFileReference; lastKnownFileType = sourcecode.swift; path = TableViewDataSource.swift; sourceTree = "<group>"; };
		F36C70A62452304B006FA29A /* ProximaNova-Semibold.otf */ = {isa = PBXFileReference; lastKnownFileType = file; path = "ProximaNova-Semibold.otf"; sourceTree = "<group>"; };
		F36C70A72452304B006FA29A /* ProximaNova-Bold.otf */ = {isa = PBXFileReference; lastKnownFileType = file; path = "ProximaNova-Bold.otf"; sourceTree = "<group>"; };
		F36C70A82452304B006FA29A /* ProximaNova-Regular.otf */ = {isa = PBXFileReference; lastKnownFileType = file; path = "ProximaNova-Regular.otf"; sourceTree = "<group>"; };
		F37FF87B2451BC0800EB3ABA /* Payload.swift */ = {isa = PBXFileReference; lastKnownFileType = sourcecode.swift; path = Payload.swift; sourceTree = "<group>"; };
		F37FF87D2451BEB400EB3ABA /* Rows.swift */ = {isa = PBXFileReference; lastKnownFileType = sourcecode.swift; path = Rows.swift; sourceTree = "<group>"; };
		F37FF8A02451D22B00EB3ABA /* CheckoutCoordinator.swift */ = {isa = PBXFileReference; lastKnownFileType = sourcecode.swift; path = CheckoutCoordinator.swift; sourceTree = "<group>"; };
		F37FF8A32451D2E600EB3ABA /* TableViewProtocols.swift */ = {isa = PBXFileReference; lastKnownFileType = sourcecode.swift; path = TableViewProtocols.swift; sourceTree = "<group>"; };
		F380E8F4242CEA6600874DE6 /* ApplicationLoader.swift */ = {isa = PBXFileReference; lastKnownFileType = sourcecode.swift; path = ApplicationLoader.swift; sourceTree = "<group>"; };
		F38CFC532443628800D8EFEA /* TableViewPresenter.swift */ = {isa = PBXFileReference; lastKnownFileType = sourcecode.swift; path = TableViewPresenter.swift; sourceTree = "<group>"; };
		F38CFC5924436A1C00D8EFEA /* HeaderTextCellHeaderTextCellViewModel.swift */ = {isa = PBXFileReference; lastKnownFileType = sourcecode.swift; path = HeaderTextCellHeaderTextCellViewModel.swift; sourceTree = "<group>"; };
		F38CFC5C24436A4B00D8EFEA /* InputCellViewModel.swift */ = {isa = PBXFileReference; lastKnownFileType = sourcecode.swift; path = InputCellViewModel.swift; sourceTree = "<group>"; };
		F38CFC5F24436AAD00D8EFEA /* SingleActionButtonCellViewModel.swift */ = {isa = PBXFileReference; lastKnownFileType = sourcecode.swift; path = SingleActionButtonCellViewModel.swift; sourceTree = "<group>"; };
		F38CFC6224436B0500D8EFEA /* BodyTextCellViewModel.swift */ = {isa = PBXFileReference; lastKnownFileType = sourcecode.swift; path = BodyTextCellViewModel.swift; sourceTree = "<group>"; };
		F38CFC6524436B7E00D8EFEA /* PaddingCellViewModel.swift */ = {isa = PBXFileReference; lastKnownFileType = sourcecode.swift; path = PaddingCellViewModel.swift; sourceTree = "<group>"; };
		F38F8B8A24532E860096D7C1 /* SeparatorCell.swift */ = {isa = PBXFileReference; lastKnownFileType = sourcecode.swift; path = SeparatorCell.swift; sourceTree = "<group>"; };
		F38F8B8B24532E860096D7C1 /* SeparatorCell.xib */ = {isa = PBXFileReference; lastKnownFileType = file.xib; path = SeparatorCell.xib; sourceTree = "<group>"; };
		F38F8B8E24533E4E0096D7C1 /* JSONUIParser.swift */ = {isa = PBXFileReference; lastKnownFileType = sourcecode.swift; path = JSONUIParser.swift; sourceTree = "<group>"; };
		F3B89D96242E0F61006049B7 /* BodyTextCell.swift */ = {isa = PBXFileReference; lastKnownFileType = sourcecode.swift; path = BodyTextCell.swift; sourceTree = "<group>"; };
		F3B89D97242E0F61006049B7 /* BodyTextCell.xib */ = {isa = PBXFileReference; lastKnownFileType = file.xib; path = BodyTextCell.xib; sourceTree = "<group>"; };
		F3B89D9A242E1955006049B7 /* PaddingCell.swift */ = {isa = PBXFileReference; lastKnownFileType = sourcecode.swift; path = PaddingCell.swift; sourceTree = "<group>"; };
		F3B89D9B242E1955006049B7 /* PaddingCell.xib */ = {isa = PBXFileReference; lastKnownFileType = file.xib; path = PaddingCell.xib; sourceTree = "<group>"; };
		F3B89D9E242E1E57006049B7 /* HeaderTextCell.swift */ = {isa = PBXFileReference; lastKnownFileType = sourcecode.swift; path = HeaderTextCell.swift; sourceTree = "<group>"; };
		F3B89D9F242E1E57006049B7 /* HeaderTextCell.xib */ = {isa = PBXFileReference; lastKnownFileType = file.xib; path = HeaderTextCell.xib; sourceTree = "<group>"; };
		F3B89DA2242E2B0D006049B7 /* README.md */ = {isa = PBXFileReference; lastKnownFileType = net.daringfireball.markdown; path = README.md; sourceTree = "<group>"; };
		F3BEEEFC24435DAA00F65226 /* PaddingSize.swift */ = {isa = PBXFileReference; lastKnownFileType = sourcecode.swift; path = PaddingSize.swift; sourceTree = "<group>"; };
		F3D61B15246055F1004593CF /* Shared.swift */ = {isa = PBXFileReference; lastKnownFileType = sourcecode.swift; path = Shared.swift; sourceTree = "<group>"; };
/* End PBXFileReference section */

/* Begin PBXFrameworksBuildPhase section */
		F3053C4F242CC22100CBB27A /* Frameworks */ = {
			isa = PBXFrameworksBuildPhase;
			buildActionMask = 2147483647;
			files = (
			);
			runOnlyForDeploymentPostprocessing = 0;
		};
		F3053C65242CC22600CBB27A /* Frameworks */ = {
			isa = PBXFrameworksBuildPhase;
			buildActionMask = 2147483647;
			files = (
			);
			runOnlyForDeploymentPostprocessing = 0;
		};
/* End PBXFrameworksBuildPhase section */

/* Begin PBXGroup section */
		F3035FEF242CEB6000E9B279 /* Checkout */ = {
			isa = PBXGroup;
			children = (
				F328DBC9245C95DF0073ACCE /* Protocols.swift */,
				F37FF8A02451D22B00EB3ABA /* CheckoutCoordinator.swift */,
				F3053C8D242CE4DD00CBB27A /* Storyboard */,
			);
			path = Checkout;
			sourceTree = "<group>";
		};
		F3035FF0242CEB9300E9B279 /* Shared */ = {
			isa = PBXGroup;
			children = (
				F3BEEEFE24435DC300F65226 /* Constants */,
				F3053C92242CE8EC00CBB27A /* Protocols */,
			);
			path = Shared;
			sourceTree = "<group>";
		};
		F3035FF1242CEBB100E9B279 /* Cells */ = {
			isa = PBXGroup;
			children = (
				F38F8B8924532E730096D7C1 /* Separator */,
				F38CFC5824436A0700D8EFEA /* HeaderTextCell */,
				F38CFC5B24436A4000D8EFEA /* InputCell */,
				F38CFC5E24436A9E00D8EFEA /* SingleActionButtonCell */,
				F38CFC6124436AFB00D8EFEA /* BodyTextCell */,
				F38CFC6424436B6F00D8EFEA /* PaddingCell */,
			);
			path = Cells;
			sourceTree = "<group>";
		};
		F3053C49242CC22100CBB27A = {
			isa = PBXGroup;
			children = (
				F3053C54242CC22100CBB27A /* CheckOut */,
				F3053C6B242CC22600CBB27A /* CheckOutTests */,
				F3053C53242CC22100CBB27A /* Products */,
			);
			sourceTree = "<group>";
		};
		F3053C53242CC22100CBB27A /* Products */ = {
			isa = PBXGroup;
			children = (
				F3053C52242CC22100CBB27A /* CheckOut.app */,
				F3053C68242CC22600CBB27A /* CheckOutTests.xctest */,
			);
			name = Products;
			sourceTree = "<group>";
		};
		F3053C54242CC22100CBB27A /* CheckOut */ = {
			isa = PBXGroup;
			children = (
				F3053C55242CC22100CBB27A /* AppDelegate.swift */,
				F3053C8F242CE89B00CBB27A /* Checkout */,
				F3BEEEFA24435BE100F65226 /* WhitelabelUI */,
				F3053C90242CE8A400CBB27A /* Extensions */,
				F3053C91242CE8BD00CBB27A /* LaunchScreen */,
				F3053C5E242CC22600CBB27A /* Assets.xcassets */,
				F3053C63242CC22600CBB27A /* Info.plist */,
				F3B89DA2242E2B0D006049B7 /* README.md */,
			);
			path = CheckOut;
			sourceTree = "<group>";
		};
		F3053C6B242CC22600CBB27A /* CheckOutTests */ = {
			isa = PBXGroup;
			children = (
				F3053C6C242CC22600CBB27A /* CheckOutTests.swift */,
				F3053C6E242CC22600CBB27A /* Info.plist */,
			);
			path = CheckOutTests;
			sourceTree = "<group>";
		};
		F3053C77242CC33100CBB27A /* Resources */ = {
			isa = PBXGroup;
			children = (
				F337AC59245386000074B3E1 /* chip_checkout.json */,
				F337AC5A245386000074B3E1 /* example_injected_configuration.json */,
				F3053C78242CC35A00CBB27A /* example.json */,
			);
			path = Resources;
			sourceTree = "<group>";
		};
		F3053C8D242CE4DD00CBB27A /* Storyboard */ = {
			isa = PBXGroup;
			children = (
				F3053C5B242CC22100CBB27A /* Main.storyboard */,
			);
			path = Storyboard;
			sourceTree = "<group>";
		};
		F3053C8E242CE88A00CBB27A /* Models */ = {
			isa = PBXGroup;
			children = (
				F3053C87242CCABB00CBB27A /* Application.swift */,
				F3431D0024508BB800597691 /* Screen.swift */,
				F37FF87D2451BEB400EB3ABA /* Rows.swift */,
				F3053C93242CE91E00CBB27A /* Row.swift */,
				F337AC5D245386B80074B3E1 /* Content.swift */,
				F3431D022450904B00597691 /* Action.swift */,
				F37FF87B2451BC0800EB3ABA /* Payload.swift */,
			);
			path = Models;
			sourceTree = "<group>";
		};
		F3053C8F242CE89B00CBB27A /* Checkout */ = {
			isa = PBXGroup;
			children = (
				F3035FEF242CEB6000E9B279 /* Checkout */,
				F3053C77242CC33100CBB27A /* Resources */,
			);
			path = Checkout;
			sourceTree = "<group>";
		};
		F3053C90242CE8A400CBB27A /* Extensions */ = {
			isa = PBXGroup;
			children = (
				F3053C8B242CCEC500CBB27A /* UIView+Extensions.swift */,
			);
			path = Extensions;
			sourceTree = "<group>";
		};
		F3053C91242CE8BD00CBB27A /* LaunchScreen */ = {
			isa = PBXGroup;
			children = (
				F3053C60242CC22600CBB27A /* LaunchScreen.storyboard */,
			);
			path = LaunchScreen;
			sourceTree = "<group>";
		};
		F3053C92242CE8EC00CBB27A /* Protocols */ = {
			isa = PBXGroup;
			children = (
				F3053C89242CCAFF00CBB27A /* CellPresentable.swift */,
			);
			path = Protocols;
			sourceTree = "<group>";
		};
		F36C70A424523025006FA29A /* Resources */ = {
			isa = PBXGroup;
			children = (
				F36C70A52452304B006FA29A /* Fonts */,
			);
			path = Resources;
			sourceTree = "<group>";
		};
		F36C70A52452304B006FA29A /* Fonts */ = {
			isa = PBXGroup;
			children = (
				F36C70A62452304B006FA29A /* ProximaNova-Semibold.otf */,
				F36C70A72452304B006FA29A /* ProximaNova-Bold.otf */,
				F36C70A82452304B006FA29A /* ProximaNova-Regular.otf */,
			);
			path = Fonts;
			sourceTree = "<group>";
		};
		F37FF8A22451D24500EB3ABA /* TableView */ = {
			isa = PBXGroup;
			children = (
				F37FF8A32451D2E600EB3ABA /* TableViewProtocols.swift */,
				F3053C59242CC22100CBB27A /* TableViewController.swift */,
				F38CFC532443628800D8EFEA /* TableViewPresenter.swift */,
				F36C70A024520941006FA29A /* TableViewDelegate.swift */,
				F36C70A22452094A006FA29A /* TableViewDataSource.swift */,
				F3035FF1242CEBB100E9B279 /* Cells */,
			);
			path = TableView;
			sourceTree = "<group>";
		};
		F38CFC5824436A0700D8EFEA /* HeaderTextCell */ = {
			isa = PBXGroup;
			children = (
				F38CFC5924436A1C00D8EFEA /* HeaderTextCellHeaderTextCellViewModel.swift */,
				F3B89D9E242E1E57006049B7 /* HeaderTextCell.swift */,
				F3B89D9F242E1E57006049B7 /* HeaderTextCell.xib */,
			);
			path = HeaderTextCell;
			sourceTree = "<group>";
		};
		F38CFC5B24436A4000D8EFEA /* InputCell */ = {
			isa = PBXGroup;
			children = (
				F38CFC5C24436A4B00D8EFEA /* InputCellViewModel.swift */,
				F3053C7F242CC9F500CBB27A /* InputCell.swift */,
				F3053C80242CC9F500CBB27A /* InputCell.xib */,
			);
			path = InputCell;
			sourceTree = "<group>";
		};
		F38CFC5E24436A9E00D8EFEA /* SingleActionButtonCell */ = {
			isa = PBXGroup;
			children = (
				F38CFC5F24436AAD00D8EFEA /* SingleActionButtonCellViewModel.swift */,
				F3053C83242CCA1100CBB27A /* SingleActionButtonCell.swift */,
				F3053C84242CCA1100CBB27A /* SingleActionButtonCell.xib */,
			);
			path = SingleActionButtonCell;
			sourceTree = "<group>";
		};
		F38CFC6124436AFB00D8EFEA /* BodyTextCell */ = {
			isa = PBXGroup;
			children = (
				F38CFC6224436B0500D8EFEA /* BodyTextCellViewModel.swift */,
				F3B89D96242E0F61006049B7 /* BodyTextCell.swift */,
				F3B89D97242E0F61006049B7 /* BodyTextCell.xib */,
			);
			path = BodyTextCell;
			sourceTree = "<group>";
		};
		F38CFC6424436B6F00D8EFEA /* PaddingCell */ = {
			isa = PBXGroup;
			children = (
				F38CFC6524436B7E00D8EFEA /* PaddingCellViewModel.swift */,
				F3B89D9A242E1955006049B7 /* PaddingCell.swift */,
				F3B89D9B242E1955006049B7 /* PaddingCell.xib */,
			);
			path = PaddingCell;
			sourceTree = "<group>";
		};
		F38F8B8924532E730096D7C1 /* Separator */ = {
			isa = PBXGroup;
			children = (
				F38F8B8A24532E860096D7C1 /* SeparatorCell.swift */,
				F38F8B8B24532E860096D7C1 /* SeparatorCell.xib */,
			);
			path = Separator;
			sourceTree = "<group>";
		};
		F3BEEEFA24435BE100F65226 /* WhitelabelUI */ = {
			isa = PBXGroup;
			children = (
				F3035FF0242CEB9300E9B279 /* Shared */,
				F3BEEEFB24435C4300F65226 /* Utilities */,
				F3053C8E242CE88A00CBB27A /* Models */,
				F36C70A424523025006FA29A /* Resources */,
				F37FF8A22451D24500EB3ABA /* TableView */,
				F328DBC7245C8DCE0073ACCE /* Coordinator.swift */,
				F3D61B15246055F1004593CF /* Shared.swift */,
			);
			path = WhitelabelUI;
			sourceTree = "<group>";
		};
		F3BEEEFB24435C4300F65226 /* Utilities */ = {
			isa = PBXGroup;
			children = (
				F380E8F4242CEA6600874DE6 /* ApplicationLoader.swift */,
				F38F8B8E24533E4E0096D7C1 /* JSONUIParser.swift */,
				F328DBC5245C8AF40073ACCE /* JSONUtilities.swift */,
			);
			path = Utilities;
			sourceTree = "<group>";
		};
		F3BEEEFE24435DC300F65226 /* Constants */ = {
			isa = PBXGroup;
			children = (
				F3BEEEFC24435DAA00F65226 /* PaddingSize.swift */,
			);
			path = Constants;
			sourceTree = "<group>";
		};
/* End PBXGroup section */

/* Begin PBXNativeTarget section */
		F3053C51242CC22100CBB27A /* CheckOut */ = {
			isa = PBXNativeTarget;
			buildConfigurationList = F3053C71242CC22600CBB27A /* Build configuration list for PBXNativeTarget "CheckOut" */;
			buildPhases = (
				F3053C4E242CC22100CBB27A /* Sources */,
				F3053C4F242CC22100CBB27A /* Frameworks */,
				F3053C50242CC22100CBB27A /* Resources */,
			);
			buildRules = (
			);
			dependencies = (
			);
			name = CheckOut;
			productName = CheckOut;
			productReference = F3053C52242CC22100CBB27A /* CheckOut.app */;
			productType = "com.apple.product-type.application";
		};
		F3053C67242CC22600CBB27A /* CheckOutTests */ = {
			isa = PBXNativeTarget;
			buildConfigurationList = F3053C74242CC22600CBB27A /* Build configuration list for PBXNativeTarget "CheckOutTests" */;
			buildPhases = (
				F3053C64242CC22600CBB27A /* Sources */,
				F3053C65242CC22600CBB27A /* Frameworks */,
				F3053C66242CC22600CBB27A /* Resources */,
			);
			buildRules = (
			);
			dependencies = (
				F3053C6A242CC22600CBB27A /* PBXTargetDependency */,
			);
			name = CheckOutTests;
			productName = CheckOutTests;
			productReference = F3053C68242CC22600CBB27A /* CheckOutTests.xctest */;
			productType = "com.apple.product-type.bundle.unit-test";
		};
/* End PBXNativeTarget section */

/* Begin PBXProject section */
		F3053C4A242CC22100CBB27A /* Project object */ = {
			isa = PBXProject;
			attributes = {
				LastSwiftUpdateCheck = 1110;
				LastUpgradeCheck = 1110;
				ORGANIZATIONNAME = "Warrd Adlani";
				TargetAttributes = {
					F3053C51242CC22100CBB27A = {
						CreatedOnToolsVersion = 11.1;
					};
					F3053C67242CC22600CBB27A = {
						CreatedOnToolsVersion = 11.1;
						TestTargetID = F3053C51242CC22100CBB27A;
					};
				};
			};
			buildConfigurationList = F3053C4D242CC22100CBB27A /* Build configuration list for PBXProject "CheckOut" */;
			compatibilityVersion = "Xcode 9.3";
			developmentRegion = en;
			hasScannedForEncodings = 0;
			knownRegions = (
				en,
				Base,
			);
			mainGroup = F3053C49242CC22100CBB27A;
			productRefGroup = F3053C53242CC22100CBB27A /* Products */;
			projectDirPath = "";
			projectRoot = "";
			targets = (
				F3053C51242CC22100CBB27A /* CheckOut */,
				F3053C67242CC22600CBB27A /* CheckOutTests */,
			);
		};
/* End PBXProject section */

/* Begin PBXResourcesBuildPhase section */
		F3053C50242CC22100CBB27A /* Resources */ = {
			isa = PBXResourcesBuildPhase;
			buildActionMask = 2147483647;
			files = (
				F3053C62242CC22600CBB27A /* LaunchScreen.storyboard in Resources */,
				F337AC5C245386000074B3E1 /* example_injected_configuration.json in Resources */,
				F38F8B8D24532E860096D7C1 /* SeparatorCell.xib in Resources */,
				F3053C79242CC35A00CBB27A /* example.json in Resources */,
				F3B89D9D242E1955006049B7 /* PaddingCell.xib in Resources */,
				F3053C82242CC9F500CBB27A /* InputCell.xib in Resources */,
				F3053C5F242CC22600CBB27A /* Assets.xcassets in Resources */,
				F36C70A92452304B006FA29A /* ProximaNova-Semibold.otf in Resources */,
				F3B89DA1242E1E57006049B7 /* HeaderTextCell.xib in Resources */,
				F3B89D99242E0F61006049B7 /* BodyTextCell.xib in Resources */,
				F3053C5D242CC22100CBB27A /* Main.storyboard in Resources */,
				F36C70AA2452304B006FA29A /* ProximaNova-Bold.otf in Resources */,
				F337AC5B245386000074B3E1 /* chip_checkout.json in Resources */,
				F3053C86242CCA1100CBB27A /* SingleActionButtonCell.xib in Resources */,
				F36C70AB2452304B006FA29A /* ProximaNova-Regular.otf in Resources */,
			);
			runOnlyForDeploymentPostprocessing = 0;
		};
		F3053C66242CC22600CBB27A /* Resources */ = {
			isa = PBXResourcesBuildPhase;
			buildActionMask = 2147483647;
			files = (
			);
			runOnlyForDeploymentPostprocessing = 0;
		};
/* End PBXResourcesBuildPhase section */

/* Begin PBXSourcesBuildPhase section */
		F3053C4E242CC22100CBB27A /* Sources */ = {
			isa = PBXSourcesBuildPhase;
			buildActionMask = 2147483647;
			files = (
				F36C70A124520941006FA29A /* TableViewDelegate.swift in Sources */,
				F37FF8A12451D22B00EB3ABA /* CheckoutCoordinator.swift in Sources */,
				F3053C81242CC9F500CBB27A /* InputCell.swift in Sources */,
				F328DBCA245C95DF0073ACCE /* Protocols.swift in Sources */,
				F3D61B16246055F1004593CF /* Shared.swift in Sources */,
				F337AC5E245386B80074B3E1 /* Content.swift in Sources */,
				F3053C88242CCABB00CBB27A /* Application.swift in Sources */,
				F328DBC6245C8AF40073ACCE /* JSONUtilities.swift in Sources */,
				F3053C8C242CCEC500CBB27A /* UIView+Extensions.swift in Sources */,
				F38CFC6324436B0500D8EFEA /* BodyTextCellViewModel.swift in Sources */,
				F3053C5A242CC22100CBB27A /* TableViewController.swift in Sources */,
				F3431D032450904B00597691 /* Action.swift in Sources */,
				F37FF87E2451BEB400EB3ABA /* Rows.swift in Sources */,
				F3053C94242CE91E00CBB27A /* Row.swift in Sources */,
				F38CFC542443628800D8EFEA /* TableViewPresenter.swift in Sources */,
				F3053C85242CCA1100CBB27A /* SingleActionButtonCell.swift in Sources */,
				F3BEEEFD24435DAA00F65226 /* PaddingSize.swift in Sources */,
				F38F8B8F24533E4E0096D7C1 /* JSONUIParser.swift in Sources */,
				F328DBC8245C8DCE0073ACCE /* Coordinator.swift in Sources */,
				F38F8B8C24532E860096D7C1 /* SeparatorCell.swift in Sources */,
				F3B89D9C242E1955006049B7 /* PaddingCell.swift in Sources */,
				F38CFC6024436AAD00D8EFEA /* SingleActionButtonCellViewModel.swift in Sources */,
				F36C70A32452094A006FA29A /* TableViewDataSource.swift in Sources */,
				F38CFC6624436B7E00D8EFEA /* PaddingCellViewModel.swift in Sources */,
				F38CFC5D24436A4B00D8EFEA /* InputCellViewModel.swift in Sources */,
				F38CFC5A24436A1C00D8EFEA /* HeaderTextCellHeaderTextCellViewModel.swift in Sources */,
				F3B89DA0242E1E57006049B7 /* HeaderTextCell.swift in Sources */,
				F37FF87C2451BC0800EB3ABA /* Payload.swift in Sources */,
				F3053C8A242CCAFF00CBB27A /* CellPresentable.swift in Sources */,
				F3431D0124508BB800597691 /* Screen.swift in Sources */,
				F3B89D98242E0F61006049B7 /* BodyTextCell.swift in Sources */,
				F37FF8A42451D2E600EB3ABA /* TableViewProtocols.swift in Sources */,
				F3053C56242CC22100CBB27A /* AppDelegate.swift in Sources */,
				F380E8F5242CEA6600874DE6 /* ApplicationLoader.swift in Sources */,
			);
			runOnlyForDeploymentPostprocessing = 0;
		};
		F3053C64242CC22600CBB27A /* Sources */ = {
			isa = PBXSourcesBuildPhase;
			buildActionMask = 2147483647;
			files = (
				F3053C6D242CC22600CBB27A /* CheckOutTests.swift in Sources */,
			);
			runOnlyForDeploymentPostprocessing = 0;
		};
/* End PBXSourcesBuildPhase section */

/* Begin PBXTargetDependency section */
		F3053C6A242CC22600CBB27A /* PBXTargetDependency */ = {
			isa = PBXTargetDependency;
			target = F3053C51242CC22100CBB27A /* CheckOut */;
			targetProxy = F3053C69242CC22600CBB27A /* PBXContainerItemProxy */;
		};
/* End PBXTargetDependency section */

/* Begin PBXVariantGroup section */
		F3053C5B242CC22100CBB27A /* Main.storyboard */ = {
			isa = PBXVariantGroup;
			children = (
				F3053C5C242CC22100CBB27A /* Base */,
			);
			name = Main.storyboard;
			sourceTree = "<group>";
		};
		F3053C60242CC22600CBB27A /* LaunchScreen.storyboard */ = {
			isa = PBXVariantGroup;
			children = (
				F3053C61242CC22600CBB27A /* Base */,
			);
			name = LaunchScreen.storyboard;
			sourceTree = "<group>";
		};
/* End PBXVariantGroup section */

/* Begin XCBuildConfiguration section */
		F3053C6F242CC22600CBB27A /* Debug */ = {
			isa = XCBuildConfiguration;
			buildSettings = {
				ALWAYS_SEARCH_USER_PATHS = NO;
				CLANG_ANALYZER_NONNULL = YES;
				CLANG_ANALYZER_NUMBER_OBJECT_CONVERSION = YES_AGGRESSIVE;
				CLANG_CXX_LANGUAGE_STANDARD = "gnu++14";
				CLANG_CXX_LIBRARY = "libc++";
				CLANG_ENABLE_MODULES = YES;
				CLANG_ENABLE_OBJC_ARC = YES;
				CLANG_ENABLE_OBJC_WEAK = YES;
				CLANG_WARN_BLOCK_CAPTURE_AUTORELEASING = YES;
				CLANG_WARN_BOOL_CONVERSION = YES;
				CLANG_WARN_COMMA = YES;
				CLANG_WARN_CONSTANT_CONVERSION = YES;
				CLANG_WARN_DEPRECATED_OBJC_IMPLEMENTATIONS = YES;
				CLANG_WARN_DIRECT_OBJC_ISA_USAGE = YES_ERROR;
				CLANG_WARN_DOCUMENTATION_COMMENTS = YES;
				CLANG_WARN_EMPTY_BODY = YES;
				CLANG_WARN_ENUM_CONVERSION = YES;
				CLANG_WARN_INFINITE_RECURSION = YES;
				CLANG_WARN_INT_CONVERSION = YES;
				CLANG_WARN_NON_LITERAL_NULL_CONVERSION = YES;
				CLANG_WARN_OBJC_IMPLICIT_RETAIN_SELF = YES;
				CLANG_WARN_OBJC_LITERAL_CONVERSION = YES;
				CLANG_WARN_OBJC_ROOT_CLASS = YES_ERROR;
				CLANG_WARN_RANGE_LOOP_ANALYSIS = YES;
				CLANG_WARN_STRICT_PROTOTYPES = YES;
				CLANG_WARN_SUSPICIOUS_MOVE = YES;
				CLANG_WARN_UNGUARDED_AVAILABILITY = YES_AGGRESSIVE;
				CLANG_WARN_UNREACHABLE_CODE = YES;
				CLANG_WARN__DUPLICATE_METHOD_MATCH = YES;
				COPY_PHASE_STRIP = NO;
				DEBUG_INFORMATION_FORMAT = dwarf;
				ENABLE_STRICT_OBJC_MSGSEND = YES;
				ENABLE_TESTABILITY = YES;
				GCC_C_LANGUAGE_STANDARD = gnu11;
				GCC_DYNAMIC_NO_PIC = NO;
				GCC_NO_COMMON_BLOCKS = YES;
				GCC_OPTIMIZATION_LEVEL = 0;
				GCC_PREPROCESSOR_DEFINITIONS = (
					"DEBUG=1",
					"$(inherited)",
				);
				GCC_WARN_64_TO_32_BIT_CONVERSION = YES;
				GCC_WARN_ABOUT_RETURN_TYPE = YES_ERROR;
				GCC_WARN_UNDECLARED_SELECTOR = YES;
				GCC_WARN_UNINITIALIZED_AUTOS = YES_AGGRESSIVE;
				GCC_WARN_UNUSED_FUNCTION = YES;
				GCC_WARN_UNUSED_VARIABLE = YES;
				IPHONEOS_DEPLOYMENT_TARGET = 13.1;
				MTL_ENABLE_DEBUG_INFO = INCLUDE_SOURCE;
				MTL_FAST_MATH = YES;
				ONLY_ACTIVE_ARCH = YES;
				SDKROOT = iphoneos;
				SWIFT_ACTIVE_COMPILATION_CONDITIONS = DEBUG;
				SWIFT_OPTIMIZATION_LEVEL = "-Onone";
			};
			name = Debug;
		};
		F3053C70242CC22600CBB27A /* Release */ = {
			isa = XCBuildConfiguration;
			buildSettings = {
				ALWAYS_SEARCH_USER_PATHS = NO;
				CLANG_ANALYZER_NONNULL = YES;
				CLANG_ANALYZER_NUMBER_OBJECT_CONVERSION = YES_AGGRESSIVE;
				CLANG_CXX_LANGUAGE_STANDARD = "gnu++14";
				CLANG_CXX_LIBRARY = "libc++";
				CLANG_ENABLE_MODULES = YES;
				CLANG_ENABLE_OBJC_ARC = YES;
				CLANG_ENABLE_OBJC_WEAK = YES;
				CLANG_WARN_BLOCK_CAPTURE_AUTORELEASING = YES;
				CLANG_WARN_BOOL_CONVERSION = YES;
				CLANG_WARN_COMMA = YES;
				CLANG_WARN_CONSTANT_CONVERSION = YES;
				CLANG_WARN_DEPRECATED_OBJC_IMPLEMENTATIONS = YES;
				CLANG_WARN_DIRECT_OBJC_ISA_USAGE = YES_ERROR;
				CLANG_WARN_DOCUMENTATION_COMMENTS = YES;
				CLANG_WARN_EMPTY_BODY = YES;
				CLANG_WARN_ENUM_CONVERSION = YES;
				CLANG_WARN_INFINITE_RECURSION = YES;
				CLANG_WARN_INT_CONVERSION = YES;
				CLANG_WARN_NON_LITERAL_NULL_CONVERSION = YES;
				CLANG_WARN_OBJC_IMPLICIT_RETAIN_SELF = YES;
				CLANG_WARN_OBJC_LITERAL_CONVERSION = YES;
				CLANG_WARN_OBJC_ROOT_CLASS = YES_ERROR;
				CLANG_WARN_RANGE_LOOP_ANALYSIS = YES;
				CLANG_WARN_STRICT_PROTOTYPES = YES;
				CLANG_WARN_SUSPICIOUS_MOVE = YES;
				CLANG_WARN_UNGUARDED_AVAILABILITY = YES_AGGRESSIVE;
				CLANG_WARN_UNREACHABLE_CODE = YES;
				CLANG_WARN__DUPLICATE_METHOD_MATCH = YES;
				COPY_PHASE_STRIP = NO;
				DEBUG_INFORMATION_FORMAT = "dwarf-with-dsym";
				ENABLE_NS_ASSERTIONS = NO;
				ENABLE_STRICT_OBJC_MSGSEND = YES;
				GCC_C_LANGUAGE_STANDARD = gnu11;
				GCC_NO_COMMON_BLOCKS = YES;
				GCC_WARN_64_TO_32_BIT_CONVERSION = YES;
				GCC_WARN_ABOUT_RETURN_TYPE = YES_ERROR;
				GCC_WARN_UNDECLARED_SELECTOR = YES;
				GCC_WARN_UNINITIALIZED_AUTOS = YES_AGGRESSIVE;
				GCC_WARN_UNUSED_FUNCTION = YES;
				GCC_WARN_UNUSED_VARIABLE = YES;
				IPHONEOS_DEPLOYMENT_TARGET = 13.1;
				MTL_ENABLE_DEBUG_INFO = NO;
				MTL_FAST_MATH = YES;
				SDKROOT = iphoneos;
				SWIFT_COMPILATION_MODE = wholemodule;
				SWIFT_OPTIMIZATION_LEVEL = "-O";
				VALIDATE_PRODUCT = YES;
			};
			name = Release;
		};
		F3053C72242CC22600CBB27A /* Debug */ = {
			isa = XCBuildConfiguration;
			buildSettings = {
				ASSETCATALOG_COMPILER_APPICON_NAME = AppIcon;
				CODE_SIGN_STYLE = Automatic;
				DEVELOPMENT_TEAM = 52853MD5UH;
				INFOPLIST_FILE = CheckOut/Info.plist;
				LD_RUNPATH_SEARCH_PATHS = (
					"$(inherited)",
					"@executable_path/Frameworks",
				);
				PRODUCT_BUNDLE_IDENTIFIER = WA.CheckOut;
				PRODUCT_NAME = "$(TARGET_NAME)";
				SWIFT_VERSION = 5.0;
				TARGETED_DEVICE_FAMILY = "1,2";
			};
			name = Debug;
		};
		F3053C73242CC22600CBB27A /* Release */ = {
			isa = XCBuildConfiguration;
			buildSettings = {
				ASSETCATALOG_COMPILER_APPICON_NAME = AppIcon;
				CODE_SIGN_STYLE = Automatic;
				DEVELOPMENT_TEAM = 52853MD5UH;
				INFOPLIST_FILE = CheckOut/Info.plist;
				LD_RUNPATH_SEARCH_PATHS = (
					"$(inherited)",
					"@executable_path/Frameworks",
				);
				PRODUCT_BUNDLE_IDENTIFIER = WA.CheckOut;
				PRODUCT_NAME = "$(TARGET_NAME)";
				SWIFT_VERSION = 5.0;
				TARGETED_DEVICE_FAMILY = "1,2";
			};
			name = Release;
		};
		F3053C75242CC22600CBB27A /* Debug */ = {
			isa = XCBuildConfiguration;
			buildSettings = {
				ALWAYS_EMBED_SWIFT_STANDARD_LIBRARIES = YES;
				BUNDLE_LOADER = "$(TEST_HOST)";
				CODE_SIGN_STYLE = Automatic;
				DEVELOPMENT_TEAM = 52853MD5UH;
				INFOPLIST_FILE = CheckOutTests/Info.plist;
				IPHONEOS_DEPLOYMENT_TARGET = 13.1;
				LD_RUNPATH_SEARCH_PATHS = (
					"$(inherited)",
					"@executable_path/Frameworks",
					"@loader_path/Frameworks",
				);
				PRODUCT_BUNDLE_IDENTIFIER = WA.CheckOutTests;
				PRODUCT_NAME = "$(TARGET_NAME)";
				SWIFT_VERSION = 5.0;
				TARGETED_DEVICE_FAMILY = "1,2";
				TEST_HOST = "$(BUILT_PRODUCTS_DIR)/CheckOut.app/CheckOut";
			};
			name = Debug;
		};
		F3053C76242CC22600CBB27A /* Release */ = {
			isa = XCBuildConfiguration;
			buildSettings = {
				ALWAYS_EMBED_SWIFT_STANDARD_LIBRARIES = YES;
				BUNDLE_LOADER = "$(TEST_HOST)";
				CODE_SIGN_STYLE = Automatic;
				DEVELOPMENT_TEAM = 52853MD5UH;
				INFOPLIST_FILE = CheckOutTests/Info.plist;
				IPHONEOS_DEPLOYMENT_TARGET = 13.1;
				LD_RUNPATH_SEARCH_PATHS = (
					"$(inherited)",
					"@executable_path/Frameworks",
					"@loader_path/Frameworks",
				);
				PRODUCT_BUNDLE_IDENTIFIER = WA.CheckOutTests;
				PRODUCT_NAME = "$(TARGET_NAME)";
				SWIFT_VERSION = 5.0;
				TARGETED_DEVICE_FAMILY = "1,2";
				TEST_HOST = "$(BUILT_PRODUCTS_DIR)/CheckOut.app/CheckOut";
			};
			name = Release;
		};
/* End XCBuildConfiguration section */

/* Begin XCConfigurationList section */
		F3053C4D242CC22100CBB27A /* Build configuration list for PBXProject "CheckOut" */ = {
			isa = XCConfigurationList;
			buildConfigurations = (
				F3053C6F242CC22600CBB27A /* Debug */,
				F3053C70242CC22600CBB27A /* Release */,
			);
			defaultConfigurationIsVisible = 0;
			defaultConfigurationName = Release;
		};
		F3053C71242CC22600CBB27A /* Build configuration list for PBXNativeTarget "CheckOut" */ = {
			isa = XCConfigurationList;
			buildConfigurations = (
				F3053C72242CC22600CBB27A /* Debug */,
				F3053C73242CC22600CBB27A /* Release */,
			);
			defaultConfigurationIsVisible = 0;
			defaultConfigurationName = Release;
		};
		F3053C74242CC22600CBB27A /* Build configuration list for PBXNativeTarget "CheckOutTests" */ = {
			isa = XCConfigurationList;
			buildConfigurations = (
				F3053C75242CC22600CBB27A /* Debug */,
				F3053C76242CC22600CBB27A /* Release */,
			);
			defaultConfigurationIsVisible = 0;
			defaultConfigurationName = Release;
		};
/* End XCConfigurationList section */
	};
	rootObject = F3053C4A242CC22100CBB27A /* Project object */;
}
